
Microsoft Visual Studio Solution File, Format Version 12.00
# Visual Studio Version 17
VisualStudioVersion = 17.0.31903.59
MinimumVisualStudioVersion = 10.0.40219.1
Project("{2150E333-8FDC-42A3-9474-1A3956D46DE8}") = "src", "src", "{D707E069-6DA6-44F1-AD6E-B605153C8A2E}"
EndProject
Project("{FAE04EC0-301F-11D3-BF4B-00C04F79EFBC}") = "SplitSpendingWeb", "src\SplitSpendingWeb\SplitSpendingWeb.csproj", "{D92269A8-8027-4C17-A236-E1F2AE4191C5}"
EndProject
Project("{2150E333-8FDC-42A3-9474-1A3956D46DE8}") = "tests", "tests", "{5E1E764D-83B9-48FC-B6D7-106C81243AF2}"
EndProject
Project("{FAE04EC0-301F-11D3-BF4B-00C04F79EFBC}") = "SplitSpendingTests", "tests\SplitSpendingTests\SplitSpendingTests.csproj", "{B022D577-6003-44F1-B2EB-A4B2CF7608F7}"
EndProject
Global
	GlobalSection(SolutionConfigurationPlatforms) = preSolution
		Debug|Any CPU = Debug|Any CPU
		Release|Any CPU = Release|Any CPU
	EndGlobalSection
	GlobalSection(SolutionProperties) = preSolution
		HideSolutionNode = FALSE
	EndGlobalSection
	GlobalSection(ProjectConfigurationPlatforms) = postSolution
		{D92269A8-8027-4C17-A236-E1F2AE4191C5}.Debug|Any CPU.ActiveCfg = Debug|Any CPU
		{D92269A8-8027-4C17-A236-E1F2AE4191C5}.Debug|Any CPU.Build.0 = Debug|Any CPU
		{D92269A8-8027-4C17-A236-E1F2AE4191C5}.Release|Any CPU.ActiveCfg = Release|Any CPU
		{D92269A8-8027-4C17-A236-E1F2AE4191C5}.Release|Any CPU.Build.0 = Release|Any CPU
		{B022D577-6003-44F1-B2EB-A4B2CF7608F7}.Debug|Any CPU.ActiveCfg = Debug|Any CPU
		{B022D577-6003-44F1-B2EB-A4B2CF7608F7}.Debug|Any CPU.Build.0 = Debug|Any CPU
		{B022D577-6003-44F1-B2EB-A4B2CF7608F7}.Release|Any CPU.ActiveCfg = Release|Any CPU
		{B022D577-6003-44F1-B2EB-A4B2CF7608F7}.Release|Any CPU.Build.0 = Release|Any CPU
	EndGlobalSection
	GlobalSection(NestedProjects) = preSolution
		{D92269A8-8027-4C17-A236-E1F2AE4191C5} = {D707E069-6DA6-44F1-AD6E-B605153C8A2E}
		{B022D577-6003-44F1-B2EB-A4B2CF7608F7} = {5E1E764D-83B9-48FC-B6D7-106C81243AF2}
	EndGlobalSection
EndGlobal
